
Microsoft Visual Studio Solution File, Format Version 12.00
# Visual Studio Version 17
VisualStudioVersion = 17.2.32630.192
MinimumVisualStudioVersion = 10.0.40219.1
Project("{9A19103F-16F7-4668-BE54-9A1E7A4F7556}") = "Chess", "Chess\Chess.csproj", "{B593166A-CBA6-4E12-BC3C-511F2901CE70}"
EndProject
Project("{9A19103F-16F7-4668-BE54-9A1E7A4F7556}") = "LogicPart", "LogicPart\LogicPart.csproj", "{84B838BE-8F14-4033-8905-67AD7333B1EF}"
EndProject
Project("{FAE04EC0-301F-11D3-BF4B-00C04F79EFBC}") = "StrategicPart", "StrategicPart\StrategicPart.csproj", "{1E638F68-5991-41D7-BF52-9450BB255B47}"
EndProject
Global
	GlobalSection(SolutionConfigurationPlatforms) = preSolution
		Debug|Any CPU = Debug|Any CPU
		Release|Any CPU = Release|Any CPU
	EndGlobalSection
	GlobalSection(ProjectConfigurationPlatforms) = postSolution
		{B593166A-CBA6-4E12-BC3C-511F2901CE70}.Debug|Any CPU.ActiveCfg = Debug|Any CPU
		{B593166A-CBA6-4E12-BC3C-511F2901CE70}.Debug|Any CPU.Build.0 = Debug|Any CPU
		{B593166A-CBA6-4E12-BC3C-511F2901CE70}.Release|Any CPU.ActiveCfg = Release|Any CPU
		{B593166A-CBA6-4E12-BC3C-511F2901CE70}.Release|Any CPU.Build.0 = Release|Any CPU
		{84B838BE-8F14-4033-8905-67AD7333B1EF}.Debug|Any CPU.ActiveCfg = Debug|Any CPU
		{84B838BE-8F14-4033-8905-67AD7333B1EF}.Debug|Any CPU.Build.0 = Debug|Any CPU
		{84B838BE-8F14-4033-8905-67AD7333B1EF}.Release|Any CPU.ActiveCfg = Release|Any CPU
		{84B838BE-8F14-4033-8905-67AD7333B1EF}.Release|Any CPU.Build.0 = Release|Any CPU
		{1E638F68-5991-41D7-BF52-9450BB255B47}.Debug|Any CPU.ActiveCfg = Debug|Any CPU
		{1E638F68-5991-41D7-BF52-9450BB255B47}.Debug|Any CPU.Build.0 = Debug|Any CPU
		{1E638F68-5991-41D7-BF52-9450BB255B47}.Release|Any CPU.ActiveCfg = Release|Any CPU
		{1E638F68-5991-41D7-BF52-9450BB255B47}.Release|Any CPU.Build.0 = Release|Any CPU
	EndGlobalSection
	GlobalSection(SolutionProperties) = preSolution
		HideSolutionNode = FALSE
	EndGlobalSection
	GlobalSection(ExtensibilityGlobals) = postSolution
		SolutionGuid = {F4685D75-6D3F-4C82-91FB-73601CD3BE76}
	EndGlobalSection
EndGlobal
